{
  "version": 4,
  "terraform_version": "1.7.5",
  "serial": 6,
  "lineage": "96af295e-5763-2c23-51b0-d81cf9f54832",
  "outputs": {
    "resource_group_id": {
      "value": "/subscriptions/a8f0a3ab-2b7d-4940-9a1a-096e2f422335/resourceGroups/first-day-rg",
      "type": "string"
    }
  },
  "resources": [
    {
      "mode": "managed",
      "type": "azurerm_resource_group",
      "name": "rg",
      "provider": "provider[\"registry.terraform.io/hashicorp/azurerm\"]",
      "instances": [
        {
          "schema_version": 0,
          "attributes": {
            "id": "/subscriptions/a8f0a3ab-2b7d-4940-9a1a-096e2f422335/resourceGroups/first-day-rg",
            "location": "westeurope",
            "managed_by": "",
            "name": "first-day-rg",
            "tags": {},
            "timeouts": null
          },
          "sensitive_attributes": [],
          "private": "eyJlMmJmYjczMC1lY2FhLTExZTYtOGY4OC0zNDM2M2JjN2M0YzAiOnsiY3JlYXRlIjo1NDAwMDAwMDAwMDAwLCJkZWxldGUiOjU0MDAwMDAwMDAwMDAsInJlYWQiOjMwMDAwMDAwMDAwMCwidXBkYXRlIjo1NDAwMDAwMDAwMDAwfX0="
        }
      ]
    },
    {
      "mode": "managed",
      "type": "azurerm_virtual_network",
      "name": "vnet",
      "provider": "provider[\"registry.terraform.io/hashicorp/azurerm\"]",
      "instances": [
        {
          "schema_version": 0,
          "attributes": {
            "address_space": [
              "10.0.0.0/24"
            ],
            "bgp_community": "",
            "ddos_protection_plan": [],
            "dns_servers": [],
            "edge_zone": "",
            "encryption": [],
            "flow_timeout_in_minutes": 0,
            "guid": "540ffc56-1649-486c-a29f-b7369cfc1966",
            "id": "/subscriptions/a8f0a3ab-2b7d-4940-9a1a-096e2f422335/resourceGroups/first-day-rg/providers/Microsoft.Network/virtualNetworks/vnet-test-01",
            "location": "westeurope",
            "name": "vnet-test-01",
            "resource_group_name": "first-day-rg",
            "subnet": [
              {
                "address_prefix": "10.0.0.0/27",
                "id": "/subscriptions/a8f0a3ab-2b7d-4940-9a1a-096e2f422335/resourceGroups/first-day-rg/providers/Microsoft.Network/virtualNetworks/vnet-test-01/subnets/vm-subnet",
                "name": "vm-subnet",
                "security_group": ""
              },
              {
                "address_prefix": "10.0.0.64/27",
                "id": "/subscriptions/a8f0a3ab-2b7d-4940-9a1a-096e2f422335/resourceGroups/first-day-rg/providers/Microsoft.Network/virtualNetworks/vnet-test-01/subnets/app-subnet",
                "name": "app-subnet",
                "security_group": ""
              }
            ],
            "tags": null,
            "timeouts": null
          },
          "sensitive_attributes": [],
          "private": "eyJlMmJmYjczMC1lY2FhLTExZTYtOGY4OC0zNDM2M2JjN2M0YzAiOnsiY3JlYXRlIjoxODAwMDAwMDAwMDAwLCJkZWxldGUiOjE4MDAwMDAwMDAwMDAsInJlYWQiOjMwMDAwMDAwMDAwMCwidXBkYXRlIjoxODAwMDAwMDAwMDAwfX0=",
          "dependencies": [
            "azurerm_resource_group.rg"
          ]
        }
      ]
    }
  ],
  "check_results": null
}
